// !$*UTF8*$!
{
	archiveVersion = 1;
	classes = {
	};
	objectVersion = 50;
	objects = {

/* Begin PBXBuildFile section */
		A103196F229BA6B10031E3E1 /* AppDelegate.swift in Sources */ = {isa = PBXBuildFile; fileRef = A103196E229BA6B10031E3E1 /* AppDelegate.swift */; };
		A1031971229BA6B10031E3E1 /* ViewController.swift in Sources */ = {isa = PBXBuildFile; fileRef = A1031970229BA6B10031E3E1 /* ViewController.swift */; };
		A1031974229BA6B10031E3E1 /* Main.storyboard in Resources */ = {isa = PBXBuildFile; fileRef = A1031972229BA6B10031E3E1 /* Main.storyboard */; };
		A1031976229BA6B20031E3E1 /* Assets.xcassets in Resources */ = {isa = PBXBuildFile; fileRef = A1031975229BA6B20031E3E1 /* Assets.xcassets */; };
		A1031979229BA6B20031E3E1 /* LaunchScreen.storyboard in Resources */ = {isa = PBXBuildFile; fileRef = A1031977229BA6B20031E3E1 /* LaunchScreen.storyboard */; };
		A1044A4D22B219F10035BC92 /* wrong.m4a in Resources */ = {isa = PBXBuildFile; fileRef = A1044A4422B219F00035BC92 /* wrong.m4a */; };
		A1044A4E22B219F10035BC92 /* ding.mp3 in Resources */ = {isa = PBXBuildFile; fileRef = A1044A4522B219F00035BC92 /* ding.mp3 */; };
		A1044A4F22B219F10035BC92 /* AudioController.swift in Sources */ = {isa = PBXBuildFile; fileRef = A1044A4622B219F00035BC92 /* AudioController.swift */; };
		A1044A5022B219F10035BC92 /* Comic_Andy.ttf in Resources */ = {isa = PBXBuildFile; fileRef = A1044A4722B219F00035BC92 /* Comic_Andy.ttf */; };
		A1044A5122B219F10035BC92 /* StardustView.swift in Sources */ = {isa = PBXBuildFile; fileRef = A1044A4822B219F00035BC92 /* StardustView.swift */; };
		A1044A5222B219F10035BC92 /* win.mp3 in Resources */ = {isa = PBXBuildFile; fileRef = A1044A4922B219F00035BC92 /* win.mp3 */; };
		A1044A5322B219F10035BC92 /* ExplodeView.swift in Sources */ = {isa = PBXBuildFile; fileRef = A1044A4A22B219F10035BC92 /* ExplodeView.swift */; };
		A1044A5422B219F10035BC92 /* particle.png in Resources */ = {isa = PBXBuildFile; fileRef = A1044A4B22B219F10035BC92 /* particle.png */; };
		A1044A5522B219F10035BC92 /* Config.swift in Sources */ = {isa = PBXBuildFile; fileRef = A1044A4C22B219F10035BC92 /* Config.swift */; };
/* End PBXBuildFile section */

/* Begin PBXFileReference section */
		A103196B229BA6B10031E3E1 /* Yahtzee.app */ = {isa = PBXFileReference; explicitFileType = wrapper.application; includeInIndex = 0; path = Yahtzee.app; sourceTree = BUILT_PRODUCTS_DIR; };
		A103196E229BA6B10031E3E1 /* AppDelegate.swift */ = {isa = PBXFileReference; lastKnownFileType = sourcecode.swift; path = AppDelegate.swift; sourceTree = "<group>"; };
		A1031970229BA6B10031E3E1 /* ViewController.swift */ = {isa = PBXFileReference; lastKnownFileType = sourcecode.swift; path = ViewController.swift; sourceTree = "<group>"; };
		A1031973229BA6B10031E3E1 /* Base */ = {isa = PBXFileReference; lastKnownFileType = file.storyboard; name = Base; path = Base.lproj/Main.storyboard; sourceTree = "<group>"; };
		A1031975229BA6B20031E3E1 /* Assets.xcassets */ = {isa = PBXFileReference; lastKnownFileType = folder.assetcatalog; path = Assets.xcassets; sourceTree = "<group>"; };
		A1031978229BA6B20031E3E1 /* Base */ = {isa = PBXFileReference; lastKnownFileType = file.storyboard; name = Base; path = Base.lproj/LaunchScreen.storyboard; sourceTree = "<group>"; };
		A103197A229BA6B20031E3E1 /* Info.plist */ = {isa = PBXFileReference; lastKnownFileType = text.plist.xml; path = Info.plist; sourceTree = "<group>"; };
		A1044A4422B219F00035BC92 /* wrong.m4a */ = {isa = PBXFileReference; lastKnownFileType = file; path = wrong.m4a; sourceTree = "<group>"; };
		A1044A4522B219F00035BC92 /* ding.mp3 */ = {isa = PBXFileReference; lastKnownFileType = audio.mp3; path = ding.mp3; sourceTree = "<group>"; };
		A1044A4622B219F00035BC92 /* AudioController.swift */ = {isa = PBXFileReference; fileEncoding = 4; lastKnownFileType = sourcecode.swift; path = AudioController.swift; sourceTree = "<group>"; };
		A1044A4722B219F00035BC92 /* Comic_Andy.ttf */ = {isa = PBXFileReference; lastKnownFileType = file; path = Comic_Andy.ttf; sourceTree = "<group>"; };
		A1044A4822B219F00035BC92 /* StardustView.swift */ = {isa = PBXFileReference; fileEncoding = 4; lastKnownFileType = sourcecode.swift; path = StardustView.swift; sourceTree = "<group>"; };
		A1044A4922B219F00035BC92 /* win.mp3 */ = {isa = PBXFileReference; lastKnownFileType = audio.mp3; path = win.mp3; sourceTree = "<group>"; };
		A1044A4A22B219F10035BC92 /* ExplodeView.swift */ = {isa = PBXFileReference; fileEncoding = 4; lastKnownFileType = sourcecode.swift; path = ExplodeView.swift; sourceTree = "<group>"; };
		A1044A4B22B219F10035BC92 /* particle.png */ = {isa = PBXFileReference; lastKnownFileType = image.png; path = particle.png; sourceTree = "<group>"; };
		A1044A4C22B219F10035BC92 /* Config.swift */ = {isa = PBXFileReference; fileEncoding = 4; lastKnownFileType = sourcecode.swift; path = Config.swift; sourceTree = "<group>"; };
/* End PBXFileReference section */

/* Begin PBXFrameworksBuildPhase section */
		A1031968229BA6B10031E3E1 /* Frameworks */ = {
			isa = PBXFrameworksBuildPhase;
			buildActionMask = 2147483647;
			files = (
			);
			runOnlyForDeploymentPostprocessing = 0;
		};
/* End PBXFrameworksBuildPhase section */

/* Begin PBXGroup section */
		A1031962229BA6B10031E3E1 = {
			isa = PBXGroup;
			children = (
				A103196D229BA6B10031E3E1 /* Yahtzee */,
				A103196C229BA6B10031E3E1 /* Products */,
			);
			sourceTree = "<group>";
		};
		A103196C229BA6B10031E3E1 /* Products */ = {
			isa = PBXGroup;
			children = (
				A103196B229BA6B10031E3E1 /* Yahtzee.app */,
			);
			name = Products;
			sourceTree = "<group>";
		};
		A103196D229BA6B10031E3E1 /* Yahtzee */ = {
			isa = PBXGroup;
			children = (
				A1044A4622B219F00035BC92 /* AudioController.swift */,
				A1044A4722B219F00035BC92 /* Comic_Andy.ttf */,
				A1044A4C22B219F10035BC92 /* Config.swift */,
				A1044A4522B219F00035BC92 /* ding.mp3 */,
				A1044A4A22B219F10035BC92 /* ExplodeView.swift */,
				A1044A4B22B219F10035BC92 /* particle.png */,
				A1044A4822B219F00035BC92 /* StardustView.swift */,
				A1044A4922B219F00035BC92 /* win.mp3 */,
				A1044A4422B219F00035BC92 /* wrong.m4a */,
				A103196E229BA6B10031E3E1 /* AppDelegate.swift */,
				A1031970229BA6B10031E3E1 /* ViewController.swift */,
				A1031972229BA6B10031E3E1 /* Main.storyboard */,
				A1031975229BA6B20031E3E1 /* Assets.xcassets */,
				A1031977229BA6B20031E3E1 /* LaunchScreen.storyboard */,
				A103197A229BA6B20031E3E1 /* Info.plist */,
			);
			path = Yahtzee;
			sourceTree = "<group>";
		};
/* End PBXGroup section */

/* Begin PBXNativeTarget section */
		A103196A229BA6B10031E3E1 /* Yahtzee */ = {
			isa = PBXNativeTarget;
			buildConfigurationList = A103197D229BA6B20031E3E1 /* Build configuration list for PBXNativeTarget "Yahtzee" */;
			buildPhases = (
				A1031967229BA6B10031E3E1 /* Sources */,
				A1031968229BA6B10031E3E1 /* Frameworks */,
				A1031969229BA6B10031E3E1 /* Resources */,
			);
			buildRules = (
			);
			dependencies = (
			);
			name = Yahtzee;
			productName = Yahtzee;
			productReference = A103196B229BA6B10031E3E1 /* Yahtzee.app */;
			productType = "com.apple.product-type.application";
		};
/* End PBXNativeTarget section */

/* Begin PBXProject section */
		A1031963229BA6B10031E3E1 /* Project object */ = {
			isa = PBXProject;
			attributes = {
				LastSwiftUpdateCheck = 1010;
				LastUpgradeCheck = 1010;
				ORGANIZATIONNAME = "SooJeong Park";
				TargetAttributes = {
					A103196A229BA6B10031E3E1 = {
						CreatedOnToolsVersion = 10.1;
					};
				};
			};
			buildConfigurationList = A1031966229BA6B10031E3E1 /* Build configuration list for PBXProject "Yahtzee" */;
			compatibilityVersion = "Xcode 9.3";
			developmentRegion = en;
			hasScannedForEncodings = 0;
			knownRegions = (
				en,
				Base,
			);
			mainGroup = A1031962229BA6B10031E3E1;
			productRefGroup = A103196C229BA6B10031E3E1 /* Products */;
			projectDirPath = "";
			projectRoot = "";
			targets = (
				A103196A229BA6B10031E3E1 /* Yahtzee */,
			);
		};
/* End PBXProject section */

/* Begin PBXResourcesBuildPhase section */
		A1031969229BA6B10031E3E1 /* Resources */ = {
			isa = PBXResourcesBuildPhase;
			buildActionMask = 2147483647;
			files = (
				A1031979229BA6B20031E3E1 /* LaunchScreen.storyboard in Resources */,
				A1044A4E22B219F10035BC92 /* ding.mp3 in Resources */,
				A1044A5222B219F10035BC92 /* win.mp3 in Resources */,
				A1044A5422B219F10035BC92 /* particle.png in Resources */,
				A1031976229BA6B20031E3E1 /* Assets.xcassets in Resources */,
				A1044A4D22B219F10035BC92 /* wrong.m4a in Resources */,
				A1044A5022B219F10035BC92 /* Comic_Andy.ttf in Resources */,
				A1031974229BA6B10031E3E1 /* Main.storyboard in Resources */,
			);
			runOnlyForDeploymentPostprocessing = 0;
		};
/* End PBXResourcesBuildPhase section */

/* Begin PBXSourcesBuildPhase section */
		A1031967229BA6B10031E3E1 /* Sources */ = {
			isa = PBXSourcesBuildPhase;
			buildActionMask = 2147483647;
			files = (
				A1031971229BA6B10031E3E1 /* ViewController.swift in Sources */,
				A1044A5322B219F10035BC92 /* ExplodeView.swift in Sources */,
				A1044A4F22B219F10035BC92 /* AudioController.swift in Sources */,
				A1044A5122B219F10035BC92 /* StardustView.swift in Sources */,
				A103196F229BA6B10031E3E1 /* AppDelegate.swift in Sources */,
				A1044A5522B219F10035BC92 /* Config.swift in Sources */,
			);
			runOnlyForDeploymentPostprocessing = 0;
		};
/* End PBXSourcesBuildPhase section */

/* Begin PBXVariantGroup section */
		A1031972229BA6B10031E3E1 /* Main.storyboard */ = {
			isa = PBXVariantGroup;
			children = (
				A1031973229BA6B10031E3E1 /* Base */,
			);
			name = Main.storyboard;
			sourceTree = "<group>";
		};
		A1031977229BA6B20031E3E1 /* LaunchScreen.storyboard */ = {
			isa = PBXVariantGroup;
			children = (
				A1031978229BA6B20031E3E1 /* Base */,
			);
			name = LaunchScreen.storyboard;
			sourceTree = "<group>";
		};
/* End PBXVariantGroup section */

/* Begin XCBuildConfiguration section */
		A103197B229BA6B20031E3E1 /* Debug */ = {
			isa = XCBuildConfiguration;
			buildSettings = {
				ALWAYS_SEARCH_USER_PATHS = NO;
				CLANG_ANALYZER_NONNULL = YES;
				CLANG_ANALYZER_NUMBER_OBJECT_CONVERSION = YES_AGGRESSIVE;
				CLANG_CXX_LANGUAGE_STANDARD = "gnu++14";
				CLANG_CXX_LIBRARY = "libc++";
				CLANG_ENABLE_MODULES = YES;
				CLANG_ENABLE_OBJC_ARC = YES;
				CLANG_ENABLE_OBJC_WEAK = YES;
				CLANG_WARN_BLOCK_CAPTURE_AUTORELEASING = YES;
				CLANG_WARN_BOOL_CONVERSION = YES;
				CLANG_WARN_COMMA = YES;
				CLANG_WARN_CONSTANT_CONVERSION = YES;
				CLANG_WARN_DEPRECATED_OBJC_IMPLEMENTATIONS = YES;
				CLANG_WARN_DIRECT_OBJC_ISA_USAGE = YES_ERROR;
				CLANG_WARN_DOCUMENTATION_COMMENTS = YES;
				CLANG_WARN_EMPTY_BODY = YES;
				CLANG_WARN_ENUM_CONVERSION = YES;
				CLANG_WARN_INFINITE_RECURSION = YES;
				CLANG_WARN_INT_CONVERSION = YES;
				CLANG_WARN_NON_LITERAL_NULL_CONVERSION = YES;
				CLANG_WARN_OBJC_IMPLICIT_RETAIN_SELF = YES;
				CLANG_WARN_OBJC_LITERAL_CONVERSION = YES;
				CLANG_WARN_OBJC_ROOT_CLASS = YES_ERROR;
				CLANG_WARN_RANGE_LOOP_ANALYSIS = YES;
				CLANG_WARN_STRICT_PROTOTYPES = YES;
				CLANG_WARN_SUSPICIOUS_MOVE = YES;
				CLANG_WARN_UNGUARDED_AVAILABILITY = YES_AGGRESSIVE;
				CLANG_WARN_UNREACHABLE_CODE = YES;
				CLANG_WARN__DUPLICATE_METHOD_MATCH = YES;
				CODE_SIGN_IDENTITY = "iPhone Developer";
				COPY_PHASE_STRIP = NO;
				DEBUG_INFORMATION_FORMAT = dwarf;
				ENABLE_STRICT_OBJC_MSGSEND = YES;
				ENABLE_TESTABILITY = YES;
				GCC_C_LANGUAGE_STANDARD = gnu11;
				GCC_DYNAMIC_NO_PIC = NO;
				GCC_NO_COMMON_BLOCKS = YES;
				GCC_OPTIMIZATION_LEVEL = 0;
				GCC_PREPROCESSOR_DEFINITIONS = (
					"DEBUG=1",
					"$(inherited)",
				);
				GCC_WARN_64_TO_32_BIT_CONVERSION = YES;
				GCC_WARN_ABOUT_RETURN_TYPE = YES_ERROR;
				GCC_WARN_UNDECLARED_SELECTOR = YES;
				GCC_WARN_UNINITIALIZED_AUTOS = YES_AGGRESSIVE;
				GCC_WARN_UNUSED_FUNCTION = YES;
				GCC_WARN_UNUSED_VARIABLE = YES;
				IPHONEOS_DEPLOYMENT_TARGET = 12.1;
				MTL_ENABLE_DEBUG_INFO = INCLUDE_SOURCE;
				MTL_FAST_MATH = YES;
				ONLY_ACTIVE_ARCH = YES;
				SDKROOT = iphoneos;
				SWIFT_ACTIVE_COMPILATION_CONDITIONS = DEBUG;
				SWIFT_OPTIMIZATION_LEVEL = "-Onone";
			};
			name = Debug;
		};
		A103197C229BA6B20031E3E1 /* Release */ = {
			isa = XCBuildConfiguration;
			buildSettings = {
				ALWAYS_SEARCH_USER_PATHS = NO;
				CLANG_ANALYZER_NONNULL = YES;
				CLANG_ANALYZER_NUMBER_OBJECT_CONVERSION = YES_AGGRESSIVE;
				CLANG_CXX_LANGUAGE_STANDARD = "gnu++14";
				CLANG_CXX_LIBRARY = "libc++";
				CLANG_ENABLE_MODULES = YES;
				CLANG_ENABLE_OBJC_ARC = YES;
				CLANG_ENABLE_OBJC_WEAK = YES;
				CLANG_WARN_BLOCK_CAPTURE_AUTORELEASING = YES;
				CLANG_WARN_BOOL_CONVERSION = YES;
				CLANG_WARN_COMMA = YES;
				CLANG_WARN_CONSTANT_CONVERSION = YES;
				CLANG_WARN_DEPRECATED_OBJC_IMPLEMENTATIONS = YES;
				CLANG_WARN_DIRECT_OBJC_ISA_USAGE = YES_ERROR;
				CLANG_WARN_DOCUMENTATION_COMMENTS = YES;
				CLANG_WARN_EMPTY_BODY = YES;
				CLANG_WARN_ENUM_CONVERSION = YES;
				CLANG_WARN_INFINITE_RECURSION = YES;
				CLANG_WARN_INT_CONVERSION = YES;
				CLANG_WARN_NON_LITERAL_NULL_CONVERSION = YES;
				CLANG_WARN_OBJC_IMPLICIT_RETAIN_SELF = YES;
				CLANG_WARN_OBJC_LITERAL_CONVERSION = YES;
				CLANG_WARN_OBJC_ROOT_CLASS = YES_ERROR;
				CLANG_WARN_RANGE_LOOP_ANALYSIS = YES;
				CLANG_WARN_STRICT_PROTOTYPES = YES;
				CLANG_WARN_SUSPICIOUS_MOVE = YES;
				CLANG_WARN_UNGUARDED_AVAILABILITY = YES_AGGRESSIVE;
				CLANG_WARN_UNREACHABLE_CODE = YES;
				CLANG_WARN__DUPLICATE_METHOD_MATCH = YES;
				CODE_SIGN_IDENTITY = "iPhone Developer";
				COPY_PHASE_STRIP = NO;
				DEBUG_INFORMATION_FORMAT = "dwarf-with-dsym";
				ENABLE_NS_ASSERTIONS = NO;
				ENABLE_STRICT_OBJC_MSGSEND = YES;
				GCC_C_LANGUAGE_STANDARD = gnu11;
				GCC_NO_COMMON_BLOCKS = YES;
				GCC_WARN_64_TO_32_BIT_CONVERSION = YES;
				GCC_WARN_ABOUT_RETURN_TYPE = YES_ERROR;
				GCC_WARN_UNDECLARED_SELECTOR = YES;
				GCC_WARN_UNINITIALIZED_AUTOS = YES_AGGRESSIVE;
				GCC_WARN_UNUSED_FUNCTION = YES;
				GCC_WARN_UNUSED_VARIABLE = YES;
				IPHONEOS_DEPLOYMENT_TARGET = 12.1;
				MTL_ENABLE_DEBUG_INFO = NO;
				MTL_FAST_MATH = YES;
				SDKROOT = iphoneos;
				SWIFT_COMPILATION_MODE = wholemodule;
				SWIFT_OPTIMIZATION_LEVEL = "-O";
				VALIDATE_PRODUCT = YES;
			};
			name = Release;
		};
		A103197E229BA6B20031E3E1 /* Debug */ = {
			isa = XCBuildConfiguration;
			buildSettings = {
				ASSETCATALOG_COMPILER_APPICON_NAME = AppIcon;
				CODE_SIGN_STYLE = Automatic;
				DEVELOPMENT_TEAM = 669AL2KHCQ;
				INFOPLIST_FILE = Yahtzee/Info.plist;
				LD_RUNPATH_SEARCH_PATHS = (
					"$(inherited)",
					"@executable_path/Frameworks",
				);
				PRODUCT_BUNDLE_IDENTIFIER = kpu.2019class.Yahtzee;
				PRODUCT_NAME = "$(TARGET_NAME)";
				SWIFT_VERSION = 4.2;
				TARGETED_DEVICE_FAMILY = 2;
			};
			name = Debug;
		};
		A103197F229BA6B20031E3E1 /* Release */ = {
			isa = XCBuildConfiguration;
			buildSettings = {
				ASSETCATALOG_COMPILER_APPICON_NAME = AppIcon;
				CODE_SIGN_STYLE = Automatic;
				DEVELOPMENT_TEAM = 669AL2KHCQ;
				INFOPLIST_FILE = Yahtzee/Info.plist;
				LD_RUNPATH_SEARCH_PATHS = (
					"$(inherited)",
					"@executable_path/Frameworks",
				);
				PRODUCT_BUNDLE_IDENTIFIER = kpu.2019class.Yahtzee;
				PRODUCT_NAME = "$(TARGET_NAME)";
				SWIFT_VERSION = 4.2;
				TARGETED_DEVICE_FAMILY = 2;
			};
			name = Release;
		};
/* End XCBuildConfiguration section */

/* Begin XCConfigurationList section */
		A1031966229BA6B10031E3E1 /* Build configuration list for PBXProject "Yahtzee" */ = {
			isa = XCConfigurationList;
			buildConfigurations = (
				A103197B229BA6B20031E3E1 /* Debug */,
				A103197C229BA6B20031E3E1 /* Release */,
			);
			defaultConfigurationIsVisible = 0;
			defaultConfigurationName = Release;
		};
		A103197D229BA6B20031E3E1 /* Build configuration list for PBXNativeTarget "Yahtzee" */ = {
			isa = XCConfigurationList;
			buildConfigurations = (
				A103197E229BA6B20031E3E1 /* Debug */,
				A103197F229BA6B20031E3E1 /* Release */,
			);
			defaultConfigurationIsVisible = 0;
			defaultConfigurationName = Release;
		};
/* End XCConfigurationList section */
	};
	rootObject = A1031963229BA6B10031E3E1 /* Project object */;
}
